# generated by rye
# use `rye lock` or `rye sync` to update this lockfile
#
# last locked with the following flags:
#   pre: false
#   features: []
#   all-features: false
#   with-sources: false

-e file:.
anyio==4.4.0
    # via httpx
    # via jupyter-server
argon2-cffi==23.1.0
    # via jupyter-server
argon2-cffi-bindings==21.2.0
    # via argon2-cffi
arrow==1.3.0
    # via isoduration
asttokens==2.4.1
    # via stack-data
async-lru==2.0.4
    # via jupyterlab
attrs==23.2.0
    # via jsonschema
    # via referencing
babel==2.15.0
    # via jupyterlab-server
backoff==2.2.1
    # via posthog
beautifulsoup4==4.12.3
    # via nbconvert
bleach==6.1.0
    # via nbconvert
certifi==2024.6.2
    # via httpcore
    # via httpx
    # via requests
cffi==1.16.0
    # via argon2-cffi-bindings
charset-normalizer==3.3.2
    # via requests
colorama==0.4.6
    # via ipython
comm==0.2.2
    # via ipykernel
contourpy==1.2.1
    # via matplotlib
cycler==0.12.1
    # via matplotlib
debugpy==1.8.1
    # via ipykernel
decorator==5.1.1
    # via ipython
defusedxml==0.7.1
    # via nbconvert
duckdb==1.0.0
    # via duckdb-engine
    # via ipa-data-tech-handbook
duckdb-engine==0.13.0
    # via ipa-data-tech-handbook
executing==2.0.1
    # via stack-data
fastjsonschema==2.19.1
    # via nbformat
fonttools==4.53.0
    # via matplotlib
fqdn==1.5.1
    # via jsonschema
greenlet==3.0.3
    # via sqlalchemy
h11==0.14.0
    # via httpcore
httpcore==1.0.5
    # via httpx
httpx==0.27.0
    # via jupyterlab
idna==3.7
    # via anyio
    # via httpx
    # via jsonschema
    # via requests
ipykernel==6.29.4
    # via jupyterlab
ipython==8.25.0
    # via ipykernel
    # via stata-setup
ipython-genutils==0.2.0
    # via jupysql
isoduration==20.11.0
    # via jsonschema
jedi==0.19.1
    # via ipython
jinja2==3.1.4
    # via jupysql
    # via jupyter-server
    # via jupyterlab
    # via jupyterlab-server
    # via nbconvert
json5==0.9.25
    # via jupyterlab-server
jsonpointer==3.0.0
    # via jsonschema
jsonschema==4.22.0
    # via jupyter-events
    # via jupyterlab-server
    # via nbformat
jsonschema-specifications==2023.12.1
    # via jsonschema
jupysql==0.10.10
    # via ipa-data-tech-handbook
jupysql-plugin==0.4.3
    # via jupysql
jupyter-client==8.6.2
    # via ipykernel
    # via jupyter-server
    # via nbclient
jupyter-core==5.7.2
    # via ipykernel
    # via jupyter-client
    # via jupyter-server
    # via jupyterlab
    # via nbclient
    # via nbconvert
    # via nbformat
jupyter-events==0.10.0
    # via jupyter-server
jupyter-lsp==2.2.5
    # via jupyterlab
jupyter-server==2.14.1
    # via jupyter-lsp
    # via jupyterlab
    # via jupyterlab-server
    # via notebook-shim
jupyter-server-terminals==0.5.3
    # via jupyter-server
jupyterlab==4.2.2
    # via ipa-data-tech-handbook
jupyterlab-pygments==0.3.0
    # via nbconvert
jupyterlab-server==2.27.2
    # via jupyterlab
jupytext==1.16.2
    # via ipa-data-tech-handbook
kiwisolver==1.4.5
    # via matplotlib
markdown-it-py==3.0.0
    # via jupytext
    # via mdit-py-plugins
markupsafe==2.1.5
    # via jinja2
    # via nbconvert
matplotlib==3.9.0
    # via ipa-data-tech-handbook
    # via seaborn
matplotlib-inline==0.1.7
    # via ipykernel
    # via ipython
mdit-py-plugins==0.4.1
    # via jupytext
mdurl==0.1.2
    # via markdown-it-py
mistune==3.0.2
    # via nbconvert
monotonic==1.6
    # via posthog
nbclient==0.10.0
    # via nbconvert
nbconvert==7.16.4
    # via jupyter-server
nbformat==5.10.4
    # via jupyter-server
    # via jupytext
    # via nbclient
    # via nbconvert
nest-asyncio==1.6.0
    # via ipykernel
notebook-shim==0.2.4
    # via jupyterlab
numpy==1.26.4
    # via contourpy
    # via ipa-data-tech-handbook
    # via matplotlib
    # via pandas
    # via seaborn
    # via stata-setup
overrides==7.7.0
    # via jupyter-server
packaging==24.1
    # via duckdb-engine
    # via ipykernel
    # via jupyter-server
    # via jupyterlab
    # via jupyterlab-server
    # via jupytext
    # via matplotlib
    # via nbconvert
pandas==2.2.2
    # via ipa-data-tech-handbook
    # via seaborn
    # via stata-setup
pandocfilters==1.5.1
    # via nbconvert
parso==0.8.4
    # via jedi
pillow==10.3.0
    # via matplotlib
platformdirs==4.2.2
    # via jupyter-core
ploomber-core==0.2.25
    # via jupysql
    # via jupysql-plugin
    # via ploomber-extension
ploomber-extension==0.1.1
    # via jupysql
polars==0.20.31
    # via ipa-data-tech-handbook
posthog==3.5.0
    # via ploomber-core
prettytable==3.10.0
    # via jupysql
prometheus-client==0.20.0
    # via jupyter-server
prompt-toolkit==3.0.47
    # via ipython
psutil==5.9.8
    # via ipykernel
pure-eval==0.2.2
    # via stack-data
pycparser==2.22
    # via cffi
pygments==2.18.0
    # via ipython
    # via nbconvert
pyparsing==3.1.2
    # via matplotlib
python-dateutil==2.9.0.post0
    # via arrow
    # via jupyter-client
    # via matplotlib
    # via pandas
    # via posthog
python-json-logger==2.0.7
    # via jupyter-events
pytz==2024.1
    # via pandas
pywin32==306
    # via jupyter-core
pywinpty==2.0.13
    # via jupyter-server
    # via jupyter-server-terminals
    # via terminado
pyyaml==6.0.1
    # via jupyter-events
    # via jupytext
    # via ploomber-core
pyzmq==26.0.3
    # via ipykernel
    # via jupyter-client
    # via jupyter-server
referencing==0.35.1
    # via jsonschema
    # via jsonschema-specifications
    # via jupyter-events
requests==2.32.3
    # via jupyterlab-server
    # via posthog
rfc3339-validator==0.1.4
    # via jsonschema
    # via jupyter-events
rfc3986-validator==0.1.1
    # via jsonschema
    # via jupyter-events
rpds-py==0.18.1
    # via jsonschema
    # via referencing
seaborn==0.13.2
    # via ipa-data-tech-handbook
send2trash==1.8.3
    # via jupyter-server
setuptools==70.0.0
    # via jupyterlab
six==1.16.0
    # via asttokens
    # via bleach
    # via posthog
    # via python-dateutil
    # via rfc3339-validator
sniffio==1.3.1
    # via anyio
    # via httpx
soupsieve==2.5
    # via beautifulsoup4
sqlalchemy==2.0.30
    # via duckdb-engine
    # via jupysql
sqlglot==25.0.3
    # via jupysql
sqlparse==0.5.0
    # via jupysql
stack-data==0.6.3
    # via ipython
stata-setup==0.1.3
    # via ipa-data-tech-handbook
terminado==0.18.1
    # via jupyter-server
    # via jupyter-server-terminals
tinycss2==1.3.0
    # via nbconvert
tornado==6.4.1
    # via ipykernel
    # via jupyter-client
    # via jupyter-server
    # via jupyterlab
    # via terminado
traitlets==5.14.3
    # via comm
    # via ipykernel
    # via ipython
    # via jupyter-client
    # via jupyter-core
    # via jupyter-events
    # via jupyter-server
    # via jupyterlab
    # via matplotlib-inline
    # via nbclient
    # via nbconvert
    # via nbformat
types-python-dateutil==2.9.0.20240316
    # via arrow
typing-extensions==4.12.2
    # via sqlalchemy
tzdata==2024.1
    # via pandas
uri-template==1.3.0
    # via jsonschema
urllib3==2.2.1
    # via requests
wcwidth==0.2.13
    # via prettytable
    # via prompt-toolkit
webcolors==24.6.0
    # via jsonschema
webencodings==0.5.1
    # via bleach
    # via tinycss2
websocket-client==1.8.0
    # via jupyter-server
